// !$*UTF8*$!
{
	archiveVersion = 1;
	classes = {
	};
	objectVersion = 50;
	objects = {

/* Begin PBXBuildFile section */
		B1BE68C521F7C2660036E50E /* AppDelegate.swift in Sources */ = {isa = PBXBuildFile; fileRef = B1BE68C421F7C2660036E50E /* AppDelegate.swift */; };
		B1BE68C721F7C2660036E50E /* ViewController.swift in Sources */ = {isa = PBXBuildFile; fileRef = B1BE68C621F7C2660036E50E /* ViewController.swift */; };
		B1BE68CA21F7C2660036E50E /* Main.storyboard in Resources */ = {isa = PBXBuildFile; fileRef = B1BE68C821F7C2660036E50E /* Main.storyboard */; };
		B1BE68CC21F7C26A0036E50E /* Assets.xcassets in Resources */ = {isa = PBXBuildFile; fileRef = B1BE68CB21F7C26A0036E50E /* Assets.xcassets */; };
		B1BE68CF21F7C26A0036E50E /* LaunchScreen.storyboard in Resources */ = {isa = PBXBuildFile; fileRef = B1BE68CD21F7C26A0036E50E /* LaunchScreen.storyboard */; };
		B1BE68DA21F7C26A0036E50E /* TipperTests.swift in Sources */ = {isa = PBXBuildFile; fileRef = B1BE68D921F7C26A0036E50E /* TipperTests.swift */; };
		B1BE68E521F7C26A0036E50E /* TipperUITests.swift in Sources */ = {isa = PBXBuildFile; fileRef = B1BE68E421F7C26A0036E50E /* TipperUITests.swift */; };
/* End PBXBuildFile section */

/* Begin PBXContainerItemProxy section */
		B1BE68D621F7C26A0036E50E /* PBXContainerItemProxy */ = {
			isa = PBXContainerItemProxy;
			containerPortal = B1BE68B921F7C2660036E50E /* Project object */;
			proxyType = 1;
			remoteGlobalIDString = B1BE68C021F7C2660036E50E;
			remoteInfo = Tipper;
		};
		B1BE68E121F7C26A0036E50E /* PBXContainerItemProxy */ = {
			isa = PBXContainerItemProxy;
			containerPortal = B1BE68B921F7C2660036E50E /* Project object */;
			proxyType = 1;
			remoteGlobalIDString = B1BE68C021F7C2660036E50E;
			remoteInfo = Tipper;
		};
/* End PBXContainerItemProxy section */

/* Begin PBXFileReference section */
		B1BE68C121F7C2660036E50E /* Tipper.app */ = {isa = PBXFileReference; explicitFileType = wrapper.application; includeInIndex = 0; path = Tipper.app; sourceTree = BUILT_PRODUCTS_DIR; };
		B1BE68C421F7C2660036E50E /* AppDelegate.swift */ = {isa = PBXFileReference; lastKnownFileType = sourcecode.swift; path = AppDelegate.swift; sourceTree = "<group>"; };
		B1BE68C621F7C2660036E50E /* ViewController.swift */ = {isa = PBXFileReference; lastKnownFileType = sourcecode.swift; path = ViewController.swift; sourceTree = "<group>"; };
		B1BE68C921F7C2660036E50E /* Base */ = {isa = PBXFileReference; lastKnownFileType = file.storyboard; name = Base; path = Base.lproj/Main.storyboard; sourceTree = "<group>"; };
		B1BE68CB21F7C26A0036E50E /* Assets.xcassets */ = {isa = PBXFileReference; lastKnownFileType = folder.assetcatalog; path = Assets.xcassets; sourceTree = "<group>"; };
		B1BE68CE21F7C26A0036E50E /* Base */ = {isa = PBXFileReference; lastKnownFileType = file.storyboard; name = Base; path = Base.lproj/LaunchScreen.storyboard; sourceTree = "<group>"; };
		B1BE68D021F7C26A0036E50E /* Info.plist */ = {isa = PBXFileReference; lastKnownFileType = text.plist.xml; path = Info.plist; sourceTree = "<group>"; };
		B1BE68D521F7C26A0036E50E /* TipperTests.xctest */ = {isa = PBXFileReference; explicitFileType = wrapper.cfbundle; includeInIndex = 0; path = TipperTests.xctest; sourceTree = BUILT_PRODUCTS_DIR; };
		B1BE68D921F7C26A0036E50E /* TipperTests.swift */ = {isa = PBXFileReference; lastKnownFileType = sourcecode.swift; path = TipperTests.swift; sourceTree = "<group>"; };
		B1BE68DB21F7C26A0036E50E /* Info.plist */ = {isa = PBXFileReference; lastKnownFileType = text.plist.xml; path = Info.plist; sourceTree = "<group>"; };
		B1BE68E021F7C26A0036E50E /* TipperUITests.xctest */ = {isa = PBXFileReference; explicitFileType = wrapper.cfbundle; includeInIndex = 0; path = TipperUITests.xctest; sourceTree = BUILT_PRODUCTS_DIR; };
		B1BE68E421F7C26A0036E50E /* TipperUITests.swift */ = {isa = PBXFileReference; lastKnownFileType = sourcecode.swift; path = TipperUITests.swift; sourceTree = "<group>"; };
		B1BE68E621F7C26A0036E50E /* Info.plist */ = {isa = PBXFileReference; lastKnownFileType = text.plist.xml; path = Info.plist; sourceTree = "<group>"; };
/* End PBXFileReference section */

/* Begin PBXFrameworksBuildPhase section */
		B1BE68BE21F7C2660036E50E /* Frameworks */ = {
			isa = PBXFrameworksBuildPhase;
			buildActionMask = 2147483647;
			files = (
			);
			runOnlyForDeploymentPostprocessing = 0;
		};
		B1BE68D221F7C26A0036E50E /* Frameworks */ = {
			isa = PBXFrameworksBuildPhase;
			buildActionMask = 2147483647;
			files = (
			);
			runOnlyForDeploymentPostprocessing = 0;
		};
		B1BE68DD21F7C26A0036E50E /* Frameworks */ = {
			isa = PBXFrameworksBuildPhase;
			buildActionMask = 2147483647;
			files = (
			);
			runOnlyForDeploymentPostprocessing = 0;
		};
/* End PBXFrameworksBuildPhase section */

/* Begin PBXGroup section */
		B1BE68B821F7C2660036E50E = {
			isa = PBXGroup;
			children = (
				B1BE68C321F7C2660036E50E /* Tipper */,
				B1BE68D821F7C26A0036E50E /* TipperTests */,
				B1BE68E321F7C26A0036E50E /* TipperUITests */,
				B1BE68C221F7C2660036E50E /* Products */,
			);
			sourceTree = "<group>";
		};
		B1BE68C221F7C2660036E50E /* Products */ = {
			isa = PBXGroup;
			children = (
				B1BE68C121F7C2660036E50E /* Tipper.app */,
				B1BE68D521F7C26A0036E50E /* TipperTests.xctest */,
				B1BE68E021F7C26A0036E50E /* TipperUITests.xctest */,
			);
			name = Products;
			sourceTree = "<group>";
		};
		B1BE68C321F7C2660036E50E /* Tipper */ = {
			isa = PBXGroup;
			children = (
				B1BE68C421F7C2660036E50E /* AppDelegate.swift */,
				B1BE68C621F7C2660036E50E /* ViewController.swift */,
				B1BE68C821F7C2660036E50E /* Main.storyboard */,
				B1BE68CB21F7C26A0036E50E /* Assets.xcassets */,
				B1BE68CD21F7C26A0036E50E /* LaunchScreen.storyboard */,
				B1BE68D021F7C26A0036E50E /* Info.plist */,
			);
			path = Tipper;
			sourceTree = "<group>";
		};
		B1BE68D821F7C26A0036E50E /* TipperTests */ = {
			isa = PBXGroup;
			children = (
				B1BE68D921F7C26A0036E50E /* TipperTests.swift */,
				B1BE68DB21F7C26A0036E50E /* Info.plist */,
			);
			path = TipperTests;
			sourceTree = "<group>";
		};
		B1BE68E321F7C26A0036E50E /* TipperUITests */ = {
			isa = PBXGroup;
			children = (
				B1BE68E421F7C26A0036E50E /* TipperUITests.swift */,
				B1BE68E621F7C26A0036E50E /* Info.plist */,
			);
			path = TipperUITests;
			sourceTree = "<group>";
		};
/* End PBXGroup section */

/* Begin PBXNativeTarget section */
		B1BE68C021F7C2660036E50E /* Tipper */ = {
			isa = PBXNativeTarget;
			buildConfigurationList = B1BE68E921F7C26A0036E50E /* Build configuration list for PBXNativeTarget "Tipper" */;
			buildPhases = (
				B1BE68BD21F7C2660036E50E /* Sources */,
				B1BE68BE21F7C2660036E50E /* Frameworks */,
				B1BE68BF21F7C2660036E50E /* Resources */,
			);
			buildRules = (
			);
			dependencies = (
			);
			name = Tipper;
			productName = Tipper;
			productReference = B1BE68C121F7C2660036E50E /* Tipper.app */;
			productType = "com.apple.product-type.application";
		};
		B1BE68D421F7C26A0036E50E /* TipperTests */ = {
			isa = PBXNativeTarget;
			buildConfigurationList = B1BE68EC21F7C26A0036E50E /* Build configuration list for PBXNativeTarget "TipperTests" */;
			buildPhases = (
				B1BE68D121F7C26A0036E50E /* Sources */,
				B1BE68D221F7C26A0036E50E /* Frameworks */,
				B1BE68D321F7C26A0036E50E /* Resources */,
			);
			buildRules = (
			);
			dependencies = (
				B1BE68D721F7C26A0036E50E /* PBXTargetDependency */,
			);
			name = TipperTests;
			productName = TipperTests;
			productReference = B1BE68D521F7C26A0036E50E /* TipperTests.xctest */;
			productType = "com.apple.product-type.bundle.unit-test";
		};
		B1BE68DF21F7C26A0036E50E /* TipperUITests */ = {
			isa = PBXNativeTarget;
			buildConfigurationList = B1BE68EF21F7C26A0036E50E /* Build configuration list for PBXNativeTarget "TipperUITests" */;
			buildPhases = (
				B1BE68DC21F7C26A0036E50E /* Sources */,
				B1BE68DD21F7C26A0036E50E /* Frameworks */,
				B1BE68DE21F7C26A0036E50E /* Resources */,
			);
			buildRules = (
			);
			dependencies = (
				B1BE68E221F7C26A0036E50E /* PBXTargetDependency */,
			);
			name = TipperUITests;
			productName = TipperUITests;
			productReference = B1BE68E021F7C26A0036E50E /* TipperUITests.xctest */;
			productType = "com.apple.product-type.bundle.ui-testing";
		};
/* End PBXNativeTarget section */

/* Begin PBXProject section */
		B1BE68B921F7C2660036E50E /* Project object */ = {
			isa = PBXProject;
			attributes = {
				LastSwiftUpdateCheck = 1010;
				LastUpgradeCheck = 1010;
				ORGANIZATIONNAME = "Komlan Attiogbe";
				TargetAttributes = {
					B1BE68C021F7C2660036E50E = {
						CreatedOnToolsVersion = 10.1;
					};
					B1BE68D421F7C26A0036E50E = {
						CreatedOnToolsVersion = 10.1;
						TestTargetID = B1BE68C021F7C2660036E50E;
					};
					B1BE68DF21F7C26A0036E50E = {
						CreatedOnToolsVersion = 10.1;
						TestTargetID = B1BE68C021F7C2660036E50E;
					};
				};
			};
			buildConfigurationList = B1BE68BC21F7C2660036E50E /* Build configuration list for PBXProject "Tipper" */;
			compatibilityVersion = "Xcode 9.3";
			developmentRegion = en;
			hasScannedForEncodings = 0;
			knownRegions = (
				en,
				Base,
			);
			mainGroup = B1BE68B821F7C2660036E50E;
			productRefGroup = B1BE68C221F7C2660036E50E /* Products */;
			projectDirPath = "";
			projectRoot = "";
			targets = (
				B1BE68C021F7C2660036E50E /* Tipper */,
				B1BE68D421F7C26A0036E50E /* TipperTests */,
				B1BE68DF21F7C26A0036E50E /* TipperUITests */,
			);
		};
/* End PBXProject section */

/* Begin PBXResourcesBuildPhase section */
		B1BE68BF21F7C2660036E50E /* Resources */ = {
			isa = PBXResourcesBuildPhase;
			buildActionMask = 2147483647;
			files = (
				B1BE68CF21F7C26A0036E50E /* LaunchScreen.storyboard in Resources */,
				B1BE68CC21F7C26A0036E50E /* Assets.xcassets in Resources */,
				B1BE68CA21F7C2660036E50E /* Main.storyboard in Resources */,
			);
			runOnlyForDeploymentPostprocessing = 0;
		};
		B1BE68D321F7C26A0036E50E /* Resources */ = {
			isa = PBXResourcesBuildPhase;
			buildActionMask = 2147483647;
			files = (
			);
			runOnlyForDeploymentPostprocessing = 0;
		};
		B1BE68DE21F7C26A0036E50E /* Resources */ = {
			isa = PBXResourcesBuildPhase;
			buildActionMask = 2147483647;
			files = (
			);
			runOnlyForDeploymentPostprocessing = 0;
		};
/* End PBXResourcesBuildPhase section */

/* Begin PBXSourcesBuildPhase section */
		B1BE68BD21F7C2660036E50E /* Sources */ = {
			isa = PBXSourcesBuildPhase;
			buildActionMask = 2147483647;
			files = (
				B1BE68C721F7C2660036E50E /* ViewController.swift in Sources */,
				B1BE68C521F7C2660036E50E /* AppDelegate.swift in Sources */,
			);
			runOnlyForDeploymentPostprocessing = 0;
		};
		B1BE68D121F7C26A0036E50E /* Sources */ = {
			isa = PBXSourcesBuildPhase;
			buildActionMask = 2147483647;
			files = (
				B1BE68DA21F7C26A0036E50E /* TipperTests.swift in Sources */,
			);
			runOnlyForDeploymentPostprocessing = 0;
		};
		B1BE68DC21F7C26A0036E50E /* Sources */ = {
			isa = PBXSourcesBuildPhase;
			buildActionMask = 2147483647;
			files = (
				B1BE68E521F7C26A0036E50E /* TipperUITests.swift in Sources */,
			);
			runOnlyForDeploymentPostprocessing = 0;
		};
/* End PBXSourcesBuildPhase section */

/* Begin PBXTargetDependency section */
		B1BE68D721F7C26A0036E50E /* PBXTargetDependency */ = {
			isa = PBXTargetDependency;
			target = B1BE68C021F7C2660036E50E /* Tipper */;
			targetProxy = B1BE68D621F7C26A0036E50E /* PBXContainerItemProxy */;
		};
		B1BE68E221F7C26A0036E50E /* PBXTargetDependency */ = {
			isa = PBXTargetDependency;
			target = B1BE68C021F7C2660036E50E /* Tipper */;
			targetProxy = B1BE68E121F7C26A0036E50E /* PBXContainerItemProxy */;
		};
/* End PBXTargetDependency section */

/* Begin PBXVariantGroup section */
		B1BE68C821F7C2660036E50E /* Main.storyboard */ = {
			isa = PBXVariantGroup;
			children = (
				B1BE68C921F7C2660036E50E /* Base */,
			);
			name = Main.storyboard;
			sourceTree = "<group>";
		};
		B1BE68CD21F7C26A0036E50E /* LaunchScreen.storyboard */ = {
			isa = PBXVariantGroup;
			children = (
				B1BE68CE21F7C26A0036E50E /* Base */,
			);
			name = LaunchScreen.storyboard;
			sourceTree = "<group>";
		};
/* End PBXVariantGroup section */

/* Begin XCBuildConfiguration section */
		B1BE68E721F7C26A0036E50E /* Debug */ = {
			isa = XCBuildConfiguration;
			buildSettings = {
				ALWAYS_SEARCH_USER_PATHS = NO;
				CLANG_ANALYZER_NONNULL = YES;
				CLANG_ANALYZER_NUMBER_OBJECT_CONVERSION = YES_AGGRESSIVE;
				CLANG_CXX_LANGUAGE_STANDARD = "gnu++14";
				CLANG_CXX_LIBRARY = "libc++";
				CLANG_ENABLE_MODULES = YES;
				CLANG_ENABLE_OBJC_ARC = YES;
				CLANG_ENABLE_OBJC_WEAK = YES;
				CLANG_WARN_BLOCK_CAPTURE_AUTORELEASING = YES;
				CLANG_WARN_BOOL_CONVERSION = YES;
				CLANG_WARN_COMMA = YES;
				CLANG_WARN_CONSTANT_CONVERSION = YES;
				CLANG_WARN_DEPRECATED_OBJC_IMPLEMENTATIONS = YES;
				CLANG_WARN_DIRECT_OBJC_ISA_USAGE = YES_ERROR;
				CLANG_WARN_DOCUMENTATION_COMMENTS = YES;
				CLANG_WARN_EMPTY_BODY = YES;
				CLANG_WARN_ENUM_CONVERSION = YES;
				CLANG_WARN_INFINITE_RECURSION = YES;
				CLANG_WARN_INT_CONVERSION = YES;
				CLANG_WARN_NON_LITERAL_NULL_CONVERSION = YES;
				CLANG_WARN_OBJC_IMPLICIT_RETAIN_SELF = YES;
				CLANG_WARN_OBJC_LITERAL_CONVERSION = YES;
				CLANG_WARN_OBJC_ROOT_CLASS = YES_ERROR;
				CLANG_WARN_RANGE_LOOP_ANALYSIS = YES;
				CLANG_WARN_STRICT_PROTOTYPES = YES;
				CLANG_WARN_SUSPICIOUS_MOVE = YES;
				CLANG_WARN_UNGUARDED_AVAILABILITY = YES_AGGRESSIVE;
				CLANG_WARN_UNREACHABLE_CODE = YES;
				CLANG_WARN__DUPLICATE_METHOD_MATCH = YES;
				CODE_SIGN_IDENTITY = "iPhone Developer";
				COPY_PHASE_STRIP = NO;
				DEBUG_INFORMATION_FORMAT = dwarf;
				ENABLE_STRICT_OBJC_MSGSEND = YES;
				ENABLE_TESTABILITY = YES;
				GCC_C_LANGUAGE_STANDARD = gnu11;
				GCC_DYNAMIC_NO_PIC = NO;
				GCC_NO_COMMON_BLOCKS = YES;
				GCC_OPTIMIZATION_LEVEL = 0;
				GCC_PREPROCESSOR_DEFINITIONS = (
					"DEBUG=1",
					"$(inherited)",
				);
				GCC_WARN_64_TO_32_BIT_CONVERSION = YES;
				GCC_WARN_ABOUT_RETURN_TYPE = YES_ERROR;
				GCC_WARN_UNDECLARED_SELECTOR = YES;
				GCC_WARN_UNINITIALIZED_AUTOS = YES_AGGRESSIVE;
				GCC_WARN_UNUSED_FUNCTION = YES;
				GCC_WARN_UNUSED_VARIABLE = YES;
				IPHONEOS_DEPLOYMENT_TARGET = 12.1;
				MTL_ENABLE_DEBUG_INFO = INCLUDE_SOURCE;
				MTL_FAST_MATH = YES;
				ONLY_ACTIVE_ARCH = YES;
				SDKROOT = iphoneos;
				SWIFT_ACTIVE_COMPILATION_CONDITIONS = DEBUG;
				SWIFT_OPTIMIZATION_LEVEL = "-Onone";
			};
			name = Debug;
		};
		B1BE68E821F7C26A0036E50E /* Release */ = {
			isa = XCBuildConfiguration;
			buildSettings = {
				ALWAYS_SEARCH_USER_PATHS = NO;
				CLANG_ANALYZER_NONNULL = YES;
				CLANG_ANALYZER_NUMBER_OBJECT_CONVERSION = YES_AGGRESSIVE;
				CLANG_CXX_LANGUAGE_STANDARD = "gnu++14";
				CLANG_CXX_LIBRARY = "libc++";
				CLANG_ENABLE_MODULES = YES;
				CLANG_ENABLE_OBJC_ARC = YES;
				CLANG_ENABLE_OBJC_WEAK = YES;
				CLANG_WARN_BLOCK_CAPTURE_AUTORELEASING = YES;
				CLANG_WARN_BOOL_CONVERSION = YES;
				CLANG_WARN_COMMA = YES;
				CLANG_WARN_CONSTANT_CONVERSION = YES;
				CLANG_WARN_DEPRECATED_OBJC_IMPLEMENTATIONS = YES;
				CLANG_WARN_DIRECT_OBJC_ISA_USAGE = YES_ERROR;
				CLANG_WARN_DOCUMENTATION_COMMENTS = YES;
				CLANG_WARN_EMPTY_BODY = YES;
				CLANG_WARN_ENUM_CONVERSION = YES;
				CLANG_WARN_INFINITE_RECURSION = YES;
				CLANG_WARN_INT_CONVERSION = YES;
				CLANG_WARN_NON_LITERAL_NULL_CONVERSION = YES;
				CLANG_WARN_OBJC_IMPLICIT_RETAIN_SELF = YES;
				CLANG_WARN_OBJC_LITERAL_CONVERSION = YES;
				CLANG_WARN_OBJC_ROOT_CLASS = YES_ERROR;
				CLANG_WARN_RANGE_LOOP_ANALYSIS = YES;
				CLANG_WARN_STRICT_PROTOTYPES = YES;
				CLANG_WARN_SUSPICIOUS_MOVE = YES;
				CLANG_WARN_UNGUARDED_AVAILABILITY = YES_AGGRESSIVE;
				CLANG_WARN_UNREACHABLE_CODE = YES;
				CLANG_WARN__DUPLICATE_METHOD_MATCH = YES;
				CODE_SIGN_IDENTITY = "iPhone Developer";
				COPY_PHASE_STRIP = NO;
				DEBUG_INFORMATION_FORMAT = "dwarf-with-dsym";
				ENABLE_NS_ASSERTIONS = NO;
				ENABLE_STRICT_OBJC_MSGSEND = YES;
				GCC_C_LANGUAGE_STANDARD = gnu11;
				GCC_NO_COMMON_BLOCKS = YES;
				GCC_WARN_64_TO_32_BIT_CONVERSION = YES;
				GCC_WARN_ABOUT_RETURN_TYPE = YES_ERROR;
				GCC_WARN_UNDECLARED_SELECTOR = YES;
				GCC_WARN_UNINITIALIZED_AUTOS = YES_AGGRESSIVE;
				GCC_WARN_UNUSED_FUNCTION = YES;
				GCC_WARN_UNUSED_VARIABLE = YES;
				IPHONEOS_DEPLOYMENT_TARGET = 12.1;
				MTL_ENABLE_DEBUG_INFO = NO;
				MTL_FAST_MATH = YES;
				SDKROOT = iphoneos;
				SWIFT_COMPILATION_MODE = wholemodule;
				SWIFT_OPTIMIZATION_LEVEL = "-O";
				VALIDATE_PRODUCT = YES;
			};
			name = Release;
		};
		B1BE68EA21F7C26A0036E50E /* Debug */ = {
			isa = XCBuildConfiguration;
			buildSettings = {
				ASSETCATALOG_COMPILER_APPICON_NAME = AppIcon;
				CODE_SIGN_STYLE = Automatic;
				INFOPLIST_FILE = Tipper/Info.plist;
				LD_RUNPATH_SEARCH_PATHS = (
					"$(inherited)",
					"@executable_path/Frameworks",
				);
				PRODUCT_BUNDLE_IDENTIFIER = MidProgramProjects.Tipper;
				PRODUCT_NAME = "$(TARGET_NAME)";
				SWIFT_VERSION = 4.2;
				TARGETED_DEVICE_FAMILY = "1,2";
			};
			name = Debug;
		};
		B1BE68EB21F7C26A0036E50E /* Release */ = {
			isa = XCBuildConfiguration;
			buildSettings = {
				ASSETCATALOG_COMPILER_APPICON_NAME = AppIcon;
				CODE_SIGN_STYLE = Automatic;
				INFOPLIST_FILE = Tipper/Info.plist;
				LD_RUNPATH_SEARCH_PATHS = (
					"$(inherited)",
					"@executable_path/Frameworks",
				);
				PRODUCT_BUNDLE_IDENTIFIER = MidProgramProjects.Tipper;
				PRODUCT_NAME = "$(TARGET_NAME)";
				SWIFT_VERSION = 4.2;
				TARGETED_DEVICE_FAMILY = "1,2";
			};
			name = Release;
		};
		B1BE68ED21F7C26A0036E50E /* Debug */ = {
			isa = XCBuildConfiguration;
			buildSettings = {
				ALWAYS_EMBED_SWIFT_STANDARD_LIBRARIES = YES;
				BUNDLE_LOADER = "$(TEST_HOST)";
				CODE_SIGN_STYLE = Automatic;
				INFOPLIST_FILE = TipperTests/Info.plist;
				LD_RUNPATH_SEARCH_PATHS = (
					"$(inherited)",
					"@executable_path/Frameworks",
					"@loader_path/Frameworks",
				);
				PRODUCT_BUNDLE_IDENTIFIER = MidProgramProjects.TipperTests;
				PRODUCT_NAME = "$(TARGET_NAME)";
				SWIFT_VERSION = 4.2;
				TARGETED_DEVICE_FAMILY = "1,2";
				TEST_HOST = "$(BUILT_PRODUCTS_DIR)/Tipper.app/Tipper";
			};
			name = Debug;
		};
		B1BE68EE21F7C26A0036E50E /* Release */ = {
			isa = XCBuildConfiguration;
			buildSettings = {
				ALWAYS_EMBED_SWIFT_STANDARD_LIBRARIES = YES;
				BUNDLE_LOADER = "$(TEST_HOST)";
				CODE_SIGN_STYLE = Automatic;
				INFOPLIST_FILE = TipperTests/Info.plist;
				LD_RUNPATH_SEARCH_PATHS = (
					"$(inherited)",
					"@executable_path/Frameworks",
					"@loader_path/Frameworks",
				);
				PRODUCT_BUNDLE_IDENTIFIER = MidProgramProjects.TipperTests;
				PRODUCT_NAME = "$(TARGET_NAME)";
				SWIFT_VERSION = 4.2;
				TARGETED_DEVICE_FAMILY = "1,2";
				TEST_HOST = "$(BUILT_PRODUCTS_DIR)/Tipper.app/Tipper";
			};
			name = Release;
		};
		B1BE68F021F7C26A0036E50E /* Debug */ = {
			isa = XCBuildConfiguration;
			buildSettings = {
				ALWAYS_EMBED_SWIFT_STANDARD_LIBRARIES = YES;
				CODE_SIGN_STYLE = Automatic;
				INFOPLIST_FILE = TipperUITests/Info.plist;
				LD_RUNPATH_SEARCH_PATHS = (
					"$(inherited)",
					"@executable_path/Frameworks",
					"@loader_path/Frameworks",
				);
				PRODUCT_BUNDLE_IDENTIFIER = MidProgramProjects.TipperUITests;
				PRODUCT_NAME = "$(TARGET_NAME)";
				SWIFT_VERSION = 4.2;
				TARGETED_DEVICE_FAMILY = "1,2";
				TEST_TARGET_NAME = Tipper;
			};
			name = Debug;
		};
		B1BE68F121F7C26A0036E50E /* Release */ = {
			isa = XCBuildConfiguration;
			buildSettings = {
				ALWAYS_EMBED_SWIFT_STANDARD_LIBRARIES = YES;
				CODE_SIGN_STYLE = Automatic;
				INFOPLIST_FILE = TipperUITests/Info.plist;
				LD_RUNPATH_SEARCH_PATHS = (
					"$(inherited)",
					"@executable_path/Frameworks",
					"@loader_path/Frameworks",
				);
				PRODUCT_BUNDLE_IDENTIFIER = MidProgramProjects.TipperUITests;
				PRODUCT_NAME = "$(TARGET_NAME)";
				SWIFT_VERSION = 4.2;
				TARGETED_DEVICE_FAMILY = "1,2";
				TEST_TARGET_NAME = Tipper;
			};
			name = Release;
		};
/* End XCBuildConfiguration section */

/* Begin XCConfigurationList section */
		B1BE68BC21F7C2660036E50E /* Build configuration list for PBXProject "Tipper" */ = {
			isa = XCConfigurationList;
			buildConfigurations = (
				B1BE68E721F7C26A0036E50E /* Debug */,
				B1BE68E821F7C26A0036E50E /* Release */,
			);
			defaultConfigurationIsVisible = 0;
			defaultConfigurationName = Release;
		};
		B1BE68E921F7C26A0036E50E /* Build configuration list for PBXNativeTarget "Tipper" */ = {
			isa = XCConfigurationList;
			buildConfigurations = (
				B1BE68EA21F7C26A0036E50E /* Debug */,
				B1BE68EB21F7C26A0036E50E /* Release */,
			);
			defaultConfigurationIsVisible = 0;
			defaultConfigurationName = Release;
		};
		B1BE68EC21F7C26A0036E50E /* Build configuration list for PBXNativeTarget "TipperTests" */ = {
			isa = XCConfigurationList;
			buildConfigurations = (
				B1BE68ED21F7C26A0036E50E /* Debug */,
				B1BE68EE21F7C26A0036E50E /* Release */,
			);
			defaultConfigurationIsVisible = 0;
			defaultConfigurationName = Release;
		};
		B1BE68EF21F7C26A0036E50E /* Build configuration list for PBXNativeTarget "TipperUITests" */ = {
			isa = XCConfigurationList;
			buildConfigurations = (
				B1BE68F021F7C26A0036E50E /* Debug */,
				B1BE68F121F7C26A0036E50E /* Release */,
			);
			defaultConfigurationIsVisible = 0;
			defaultConfigurationName = Release;
		};
/* End XCConfigurationList section */
	};
	rootObject = B1BE68B921F7C2660036E50E /* Project object */;
}
